
Microsoft Visual Studio Solution File, Format Version 12.00
# Visual Studio Version 17
VisualStudioVersion = 17.3.32901.215
MinimumVisualStudioVersion = 10.0.40219.1
Project("{FAE04EC0-301F-11D3-BF4B-00C04F79EFBC}") = "Protoype", "Protoype\Protoype.csproj", "{12CF2227-7D72-4DEE-A4B7-2C307C7B56B6}"
EndProject
Global
	GlobalSection(SolutionConfigurationPlatforms) = preSolution
		Debug|Any CPU = Debug|Any CPU
		Release|Any CPU = Release|Any CPU
	EndGlobalSection
	GlobalSection(ProjectConfigurationPlatforms) = postSolution
		{12CF2227-7D72-4DEE-A4B7-2C307C7B56B6}.Debug|Any CPU.ActiveCfg = Debug|Any CPU
		{12CF2227-7D72-4DEE-A4B7-2C307C7B56B6}.Debug|Any CPU.Build.0 = Debug|Any CPU
		{12CF2227-7D72-4DEE-A4B7-2C307C7B56B6}.Release|Any CPU.ActiveCfg = Release|Any CPU
		{12CF2227-7D72-4DEE-A4B7-2C307C7B56B6}.Release|Any CPU.Build.0 = Release|Any CPU
	EndGlobalSection
	GlobalSection(SolutionProperties) = preSolution
		HideSolutionNode = FALSE
	EndGlobalSection
	GlobalSection(ExtensibilityGlobals) = postSolution
		SolutionGuid = {1672581D-BDDE-4519-AA5A-DF2D2A07291C}
	EndGlobalSection
EndGlobal
